
Microsoft Visual Studio Solution File, Format Version 12.00
# Visual Studio 15
VisualStudioVersion = 15.0.28307.705
MinimumVisualStudioVersion = 10.0.40219.1
Project("{FAE04EC0-301F-11D3-BF4B-00C04F79EFBC}") = "ConsoleApp3", "ConsoleApp3\ConsoleApp3.csproj", "{5CFA6AF1-0811-4D3F-934F-5C3E0A8D09F9}"
EndProject
Global
	GlobalSection(SolutionConfigurationPlatforms) = preSolution
		Debug|Any CPU = Debug|Any CPU
		Release|Any CPU = Release|Any CPU
	EndGlobalSection
	GlobalSection(ProjectConfigurationPlatforms) = postSolution
		{5CFA6AF1-0811-4D3F-934F-5C3E0A8D09F9}.Debug|Any CPU.ActiveCfg = Debug|Any CPU
		{5CFA6AF1-0811-4D3F-934F-5C3E0A8D09F9}.Debug|Any CPU.Build.0 = Debug|Any CPU
		{5CFA6AF1-0811-4D3F-934F-5C3E0A8D09F9}.Release|Any CPU.ActiveCfg = Release|Any CPU
		{5CFA6AF1-0811-4D3F-934F-5C3E0A8D09F9}.Release|Any CPU.Build.0 = Release|Any CPU
	EndGlobalSection
	GlobalSection(SolutionProperties) = preSolution
		HideSolutionNode = FALSE
	EndGlobalSection
	GlobalSection(ExtensibilityGlobals) = postSolution
		SolutionGuid = {E38C93D8-135E-4C91-B3CB-428F4C95868F}
	EndGlobalSection
EndGlobal
